{
  "name": "@activeagents/browser-sidecar",
  "version": "1.8.1",
  "lockfileVersion": 3,
  "requires": true,
  "packages": {
    "": {
      "name": "@activeagents/browser-sidecar",
      "version": "1.8.1",
      "license": "MIT",
      "dependencies": {
        "@playwright/mcp": "0.0.83",
        "@rrweb/record": "2.1.7",
        "playwright": "1.64.0-alpha-1790635538000"
      },
      "bin": {
        "activeagents-browser-sidecar": "bin/browser-sidecar.mjs"
      },
      "engines": {
        "node": ">=20"
      }
    },
    "node_modules/@playwright/mcp": {
      "version": "0.0.83",
      "resolved": "https://registry.npmjs.org/@playwright/mcp/-/mcp-0.0.83.tgz",
      "integrity": "sha512-oNcl+Ae2/IAjhfPeP46BfIkSakfmprY+aOtkv5MjrQ4lPav4/yNtPhL0iq8SlIM90oApWgBDUxaNKvktazUKOg==",
      "license": "Apache-2.0",
      "dependencies": {
        "playwright": "1.64.0-alpha-1790635538000",
        "playwright-core": "1.64.0-alpha-1790635538000"
      },
      "bin": {
        "playwright-mcp": "cli.js"
      },
      "engines": {
        "node": ">=18"
      }
    },
    "node_modules/@rrweb/record": {
      "version": "2.1.7",
      "resolved": "https://registry.npmjs.org/@rrweb/record/-/record-2.1.7.tgz",
      "integrity": "sha512-lIAbWdH8JwRuujURxTBtgrlsPvyBUGXUa9aB5hK8s5DdHgagyLFkIaAWhtthuOwT3o4o4+w38yUVPLc3W2oOrw==",
      "license": "MIT",
      "dependencies": {
        "@rrweb/types": "^2.1.7",
        "@rrweb/utils": "^2.1.7",
        "rrweb": "^2.1.7"
      }
    },
    "node_modules/@rrweb/types": {
      "version": "2.1.7",
      "resolved": "https://registry.npmjs.org/@rrweb/types/-/types-2.1.7.tgz",
      "integrity": "sha512-fNua4du3xvMlC5iK8lYU1CEg+9wsA7FXUzahVBBVGBKqVPSifROLVh3mfV90hhsfAcs4jAvLbl23v28hXrxZWg==",
      "license": "MIT"
    },
    "node_modules/@rrweb/utils": {
      "version": "2.1.7",
      "resolved": "https://registry.npmjs.org/@rrweb/utils/-/utils-2.1.7.tgz",
      "integrity": "sha512-ZQpnuthKb8U2BvSDtiX6z8XkEPUUbCXhcrOY5yqqtPP2O5RP8YgPlo8HkU/tFStMd/Wn8cfy9DmkhialwUUvrA==",
      "license": "MIT"
    },
    "node_modules/@types/css-font-loading-module": {
      "version": "0.0.7",
      "resolved": "https://registry.npmjs.org/@types/css-font-loading-module/-/css-font-loading-module-0.0.7.tgz",
      "integrity": "sha512-nl09VhutdjINdWyXxHWN/w9zlNCfr60JUqJbd24YXUuCwgeL0TpFSdElCwb6cxfB6ybE19Gjj4g0jsgkXxKv1Q==",
      "license": "MIT"
    },
    "node_modules/@xstate/fsm": {
      "version": "1.6.5",
      "resolved": "https://registry.npmjs.org/@xstate/fsm/-/fsm-1.6.5.tgz",
      "integrity": "sha512-b5o1I6aLNeYlU/3CPlj/Z91ybk1gUsKT+5NAJI+2W4UjvS5KLG28K9v5UvNoFVjHV8PajVZ00RH3vnjyQO7ZAw==",
      "license": "MIT"
    },
    "node_modules/base64-arraybuffer": {
      "version": "1.0.2",
      "resolved": "https://registry.npmjs.org/base64-arraybuffer/-/base64-arraybuffer-1.0.2.tgz",
      "integrity": "sha512-I3yl4r9QB5ZRY3XuJVEPfc2XhZO6YweFPI+UovAzn+8/hb3oJ6lnysaFcjVpkCPfVWFUDvoZ8kmVDP7WyRtYtQ==",
      "license": "MIT",
      "engines": {
        "node": ">= 0.6.0"
      }
    },
    "node_modules/mitt": {
      "version": "3.0.1",
      "resolved": "https://registry.npmjs.org/mitt/-/mitt-3.0.1.tgz",
      "integrity": "sha512-vKivATfr97l2/QBCYAkXYDbrIWPM2IIKEl7YPhjCvKlG3kE2gm+uBo6nEXK3M5/Ffh/FLpKExzOQ3JJoJGFKBw==",
      "license": "MIT"
    },
    "node_modules/nanoid": {
      "version": "3.3.19",
      "resolved": "https://registry.npmjs.org/nanoid/-/nanoid-3.3.19.tgz",
      "integrity": "sha512-Y2tUNy4ouw6tq5oDSKeQYGOyhkUBhNOcGV/02KC+6kd9eDGqdZd++mjMiIDilrBYvjEnCYvVtsuHCuP+okSfug==",
      "funding": [
        {
          "type": "github",
          "url": "https://github.com/sponsors/ai"
        }
      ],
      "license": "MIT",
      "bin": {
        "nanoid": "bin/nanoid.cjs"
      },
      "engines": {
        "node": "^10 || ^12 || ^13.7 || ^14 || >=15.0.1"
      }
    },
    "node_modules/picocolors": {
      "version": "1.1.1",
      "resolved": "https://registry.npmjs.org/picocolors/-/picocolors-1.1.1.tgz",
      "integrity": "sha512-xceH2snhtb5M9liqDsmEw56le376mTZkEX/jEb/RxNFyegNul7eNslCXP9FDj/Lcu0X8KEyMceP2ntpaHrDEVA==",
      "license": "ISC"
    },
    "node_modules/playwright": {
      "version": "1.64.0-alpha-1790635538000",
      "resolved": "https://registry.npmjs.org/playwright/-/playwright-1.64.0-alpha-1790635538000.tgz",
      "integrity": "sha512-/5XDUMxpOd/9AojJtWDFIRV3EJZNQ0AwvK69wgt3CPzy8wTgiBG9pX45VfxtqtvIRGwfWzMhrvawNKreG69Snw==",
      "license": "Apache-2.0",
      "dependencies": {
        "playwright-core": "1.64.0-alpha-1790635538000"
      },
      "bin": {
        "playwright": "cli.js"
      },
      "engines": {
        "node": ">=20"
      }
    },
    "node_modules/playwright-core": {
      "version": "1.64.0-alpha-1790635538000",
      "resolved": "https://registry.npmjs.org/playwright-core/-/playwright-core-1.64.0-alpha-1790635538000.tgz",
      "integrity": "sha512-pNwaXirhXMRLaRQs4NQ18EpTdtDoFwyPH9FOaaDC7YXG4hpwE2xmwCic/1srbuExVQC7zT9LJSJpDBAru+Vo9A==",
      "license": "Apache-2.0",
      "bin": {
        "playwright-core": "cli.js"
      },
      "engines": {
        "node": ">=20"
      }
    },
    "node_modules/postcss": {
      "version": "8.5.28",
      "resolved": "https://registry.npmjs.org/postcss/-/postcss-8.5.28.tgz",
      "integrity": "sha512-RRuzqDtt5Y9h3quz5hWhK+TPnsmVs6WwSU6LkJMeY4HstUEDuYTG8UJSdawMRzmzAtV+KEoG8N3Qg2qLy5vM/A==",
      "funding": [
        {
          "type": "opencollective",
          "url": "https://opencollective.com/postcss/"
        },
        {
          "type": "tidelift",
          "url": "https://tidelift.com/funding/github/npm/postcss"
        },
        {
          "type": "github",
          "url": "https://github.com/sponsors/ai"
        }
      ],
      "license": "MIT",
      "dependencies": {
        "nanoid": "^3.3.18",
        "picocolors": "^1.1.1",
        "source-map-js": "^1.2.1"
      },
      "engines": {
        "node": "^10 || ^12 || >=14"
      }
    },
    "node_modules/rrdom": {
      "version": "2.1.7",
      "resolved": "https://registry.npmjs.org/rrdom/-/rrdom-2.1.7.tgz",
      "integrity": "sha512-jm7IN2aaG6891OqFAYw/b8dw5FLiMeCTrU4HIUr40I6tTaUX2Rrhba5vjjMRARQClBFDA04vvf9HFD9WnZFpFg==",
      "license": "MIT",
      "dependencies": {
        "rrweb-snapshot": "^2.1.7"
      }
    },
    "node_modules/rrweb": {
      "version": "2.1.7",
      "resolved": "https://registry.npmjs.org/rrweb/-/rrweb-2.1.7.tgz",
      "integrity": "sha512-UZzK43vVmbtBt5WyEVO/CO8q9hKi38LRZDQS5C+X+FYgpVLK4vhWyUzzi1K0iXzHFb3MOVaTak5TAsdK5K6V6Q==",
      "license": "MIT",
      "dependencies": {
        "@rrweb/types": "^2.1.7",
        "@rrweb/utils": "^2.1.7",
        "@types/css-font-loading-module": "0.0.7",
        "@xstate/fsm": "^1.4.0",
        "base64-arraybuffer": "^1.0.1",
        "mitt": "^3.0.0",
        "rrdom": "^2.1.7",
        "rrweb-snapshot": "^2.1.7"
      }
    },
    "node_modules/rrweb-snapshot": {
      "version": "2.1.7",
      "resolved": "https://registry.npmjs.org/rrweb-snapshot/-/rrweb-snapshot-2.1.7.tgz",
      "integrity": "sha512-exIZ4dxX498CZszs4ji0KKn8lhX9sBPBdD431t0RQOqCTStAHrmdWKK2s8tWSL32iRS+AOafbMuf6TOIZxW6ug==",
      "license": "MIT",
      "dependencies": {
        "postcss": "^8.4.38"
      }
    },
    "node_modules/source-map-js": {
      "version": "1.2.2",
      "resolved": "https://registry.npmjs.org/source-map-js/-/source-map-js-1.2.2.tgz",
      "integrity": "sha512-KGj/8Y43x35aZVDtt+J4mK1hoLGHULMYfSkODJNQjNDC3oW1PqPoxMwo0pLUsWM/UEGzON/NxeHywEfNXNP3Vw==",
      "license": "BSD-3-Clause",
      "engines": {
        "node": ">=0.10.0"
      }
    }
  }
}
